// !$*UTF8*$!
{
	archiveVersion = 1;
	classes = {
	};
	objectVersion = 56;
	objects = {

/* Begin PBXBuildFile section */
		FD5FFA9A2BD79C09001EB2EB /* GroShoppingApp.swift in Sources */ = {isa = PBXBuildFile; fileRef = FD5FFA992BD79C09001EB2EB /* GroShoppingApp.swift */; };
		FD5FFA9C2BD79C09001EB2EB /* ContentView.swift in Sources */ = {isa = PBXBuildFile; fileRef = FD5FFA9B2BD79C09001EB2EB /* ContentView.swift */; };
		FD5FFA9E2BD79C0A001EB2EB /* Assets.xcassets in Resources */ = {isa = PBXBuildFile; fileRef = FD5FFA9D2BD79C0A001EB2EB /* Assets.xcassets */; };
		FD5FFAA12BD79C0A001EB2EB /* Preview Assets.xcassets in Resources */ = {isa = PBXBuildFile; fileRef = FD5FFAA02BD79C0A001EB2EB /* Preview Assets.xcassets */; };
		FD5FFAAB2BD79C0B001EB2EB /* GroShoppingTests.swift in Sources */ = {isa = PBXBuildFile; fileRef = FD5FFAAA2BD79C0B001EB2EB /* GroShoppingTests.swift */; };
		FD5FFAB52BD79C0B001EB2EB /* GroShoppingUITests.swift in Sources */ = {isa = PBXBuildFile; fileRef = FD5FFAB42BD79C0B001EB2EB /* GroShoppingUITests.swift */; };
		FD5FFAB72BD79C0B001EB2EB /* GroShoppingUITestsLaunchTests.swift in Sources */ = {isa = PBXBuildFile; fileRef = FD5FFAB62BD79C0B001EB2EB /* GroShoppingUITestsLaunchTests.swift */; };
		FD5FFAC42BD79C38001EB2EB /* .gitignore in Resources */ = {isa = PBXBuildFile; fileRef = FD5FFAC32BD79C38001EB2EB /* .gitignore */; };
		FD5FFAC92BD7A08F001EB2EB /* Gilroy-Bold.ttf in Resources */ = {isa = PBXBuildFile; fileRef = FD5FFAC62BD7A08F001EB2EB /* Gilroy-Bold.ttf */; };
		FD5FFACA2BD7A08F001EB2EB /* Gilroy-Regular.ttf in Resources */ = {isa = PBXBuildFile; fileRef = FD5FFAC72BD7A08F001EB2EB /* Gilroy-Regular.ttf */; };
		FD5FFACB2BD7A08F001EB2EB /* Gilroy-SemiBold.ttf in Resources */ = {isa = PBXBuildFile; fileRef = FD5FFAC82BD7A08F001EB2EB /* Gilroy-SemiBold.ttf */; };
/* End PBXBuildFile section */

/* Begin PBXContainerItemProxy section */
		FD5FFAA72BD79C0B001EB2EB /* PBXContainerItemProxy */ = {
			isa = PBXContainerItemProxy;
			containerPortal = FD5FFA8E2BD79C09001EB2EB /* Project object */;
			proxyType = 1;
			remoteGlobalIDString = FD5FFA952BD79C09001EB2EB;
			remoteInfo = GroShopping;
		};
		FD5FFAB12BD79C0B001EB2EB /* PBXContainerItemProxy */ = {
			isa = PBXContainerItemProxy;
			containerPortal = FD5FFA8E2BD79C09001EB2EB /* Project object */;
			proxyType = 1;
			remoteGlobalIDString = FD5FFA952BD79C09001EB2EB;
			remoteInfo = GroShopping;
		};
/* End PBXContainerItemProxy section */

/* Begin PBXFileReference section */
		FD5FFA962BD79C09001EB2EB /* GroShopping.app */ = {isa = PBXFileReference; explicitFileType = wrapper.application; includeInIndex = 0; path = GroShopping.app; sourceTree = BUILT_PRODUCTS_DIR; };
		FD5FFA992BD79C09001EB2EB /* GroShoppingApp.swift */ = {isa = PBXFileReference; lastKnownFileType = sourcecode.swift; path = GroShoppingApp.swift; sourceTree = "<group>"; };
		FD5FFA9B2BD79C09001EB2EB /* ContentView.swift */ = {isa = PBXFileReference; lastKnownFileType = sourcecode.swift; path = ContentView.swift; sourceTree = "<group>"; };
		FD5FFA9D2BD79C0A001EB2EB /* Assets.xcassets */ = {isa = PBXFileReference; lastKnownFileType = folder.assetcatalog; path = Assets.xcassets; sourceTree = "<group>"; };
		FD5FFAA02BD79C0A001EB2EB /* Preview Assets.xcassets */ = {isa = PBXFileReference; lastKnownFileType = folder.assetcatalog; path = "Preview Assets.xcassets"; sourceTree = "<group>"; };
		FD5FFAA62BD79C0B001EB2EB /* GroShoppingTests.xctest */ = {isa = PBXFileReference; explicitFileType = wrapper.cfbundle; includeInIndex = 0; path = GroShoppingTests.xctest; sourceTree = BUILT_PRODUCTS_DIR; };
		FD5FFAAA2BD79C0B001EB2EB /* GroShoppingTests.swift */ = {isa = PBXFileReference; lastKnownFileType = sourcecode.swift; path = GroShoppingTests.swift; sourceTree = "<group>"; };
		FD5FFAB02BD79C0B001EB2EB /* GroShoppingUITests.xctest */ = {isa = PBXFileReference; explicitFileType = wrapper.cfbundle; includeInIndex = 0; path = GroShoppingUITests.xctest; sourceTree = BUILT_PRODUCTS_DIR; };
		FD5FFAB42BD79C0B001EB2EB /* GroShoppingUITests.swift */ = {isa = PBXFileReference; lastKnownFileType = sourcecode.swift; path = GroShoppingUITests.swift; sourceTree = "<group>"; };
		FD5FFAB62BD79C0B001EB2EB /* GroShoppingUITestsLaunchTests.swift */ = {isa = PBXFileReference; lastKnownFileType = sourcecode.swift; path = GroShoppingUITestsLaunchTests.swift; sourceTree = "<group>"; };
		FD5FFAC32BD79C38001EB2EB /* .gitignore */ = {isa = PBXFileReference; lastKnownFileType = text; path = .gitignore; sourceTree = "<group>"; };
		FD5FFAC62BD7A08F001EB2EB /* Gilroy-Bold.ttf */ = {isa = PBXFileReference; lastKnownFileType = file; path = "Gilroy-Bold.ttf"; sourceTree = "<group>"; };
		FD5FFAC72BD7A08F001EB2EB /* Gilroy-Regular.ttf */ = {isa = PBXFileReference; lastKnownFileType = file; path = "Gilroy-Regular.ttf"; sourceTree = "<group>"; };
		FD5FFAC82BD7A08F001EB2EB /* Gilroy-SemiBold.ttf */ = {isa = PBXFileReference; lastKnownFileType = file; path = "Gilroy-SemiBold.ttf"; sourceTree = "<group>"; };
/* End PBXFileReference section */

/* Begin PBXFrameworksBuildPhase section */
		FD5FFA932BD79C09001EB2EB /* Frameworks */ = {
			isa = PBXFrameworksBuildPhase;
			buildActionMask = 2147483647;
			files = (
			);
			runOnlyForDeploymentPostprocessing = 0;
		};
		FD5FFAA32BD79C0B001EB2EB /* Frameworks */ = {
			isa = PBXFrameworksBuildPhase;
			buildActionMask = 2147483647;
			files = (
			);
			runOnlyForDeploymentPostprocessing = 0;
		};
		FD5FFAAD2BD79C0B001EB2EB /* Frameworks */ = {
			isa = PBXFrameworksBuildPhase;
			buildActionMask = 2147483647;
			files = (
			);
			runOnlyForDeploymentPostprocessing = 0;
		};
/* End PBXFrameworksBuildPhase section */

/* Begin PBXGroup section */
		FD5FFA8D2BD79C09001EB2EB = {
			isa = PBXGroup;
			children = (
				FD5FFAC32BD79C38001EB2EB /* .gitignore */,
				FD5FFA982BD79C09001EB2EB /* GroShopping */,
				FD5FFAA92BD79C0B001EB2EB /* GroShoppingTests */,
				FD5FFAB32BD79C0B001EB2EB /* GroShoppingUITests */,
				FD5FFA972BD79C09001EB2EB /* Products */,
			);
			sourceTree = "<group>";
		};
		FD5FFA972BD79C09001EB2EB /* Products */ = {
			isa = PBXGroup;
			children = (
				FD5FFA962BD79C09001EB2EB /* GroShopping.app */,
				FD5FFAA62BD79C0B001EB2EB /* GroShoppingTests.xctest */,
				FD5FFAB02BD79C0B001EB2EB /* GroShoppingUITests.xctest */,
			);
			name = Products;
			sourceTree = "<group>";
		};
		FD5FFA982BD79C09001EB2EB /* GroShopping */ = {
			isa = PBXGroup;
			children = (
				FD5FFA992BD79C09001EB2EB /* GroShoppingApp.swift */,
				FD5FFA9B2BD79C09001EB2EB /* ContentView.swift */,
				FD5FFAC52BD7A074001EB2EB /* Font */,
				FD5FFA9D2BD79C0A001EB2EB /* Assets.xcassets */,
				FD5FFA9F2BD79C0A001EB2EB /* Preview Content */,
			);
			path = GroShopping;
			sourceTree = "<group>";
		};
		FD5FFA9F2BD79C0A001EB2EB /* Preview Content */ = {
			isa = PBXGroup;
			children = (
				FD5FFAA02BD79C0A001EB2EB /* Preview Assets.xcassets */,
			);
			path = "Preview Content";
			sourceTree = "<group>";
		};
		FD5FFAA92BD79C0B001EB2EB /* GroShoppingTests */ = {
			isa = PBXGroup;
			children = (
				FD5FFAAA2BD79C0B001EB2EB /* GroShoppingTests.swift */,
			);
			path = GroShoppingTests;
			sourceTree = "<group>";
		};
		FD5FFAB32BD79C0B001EB2EB /* GroShoppingUITests */ = {
			isa = PBXGroup;
			children = (
				FD5FFAB42BD79C0B001EB2EB /* GroShoppingUITests.swift */,
				FD5FFAB62BD79C0B001EB2EB /* GroShoppingUITestsLaunchTests.swift */,
			);
			path = GroShoppingUITests;
			sourceTree = "<group>";
		};
		FD5FFAC52BD7A074001EB2EB /* Font */ = {
			isa = PBXGroup;
			children = (
				FD5FFAC62BD7A08F001EB2EB /* Gilroy-Bold.ttf */,
				FD5FFAC72BD7A08F001EB2EB /* Gilroy-Regular.ttf */,
				FD5FFAC82BD7A08F001EB2EB /* Gilroy-SemiBold.ttf */,
			);
			name = Font;
			sourceTree = "<group>";
		};
/* End PBXGroup section */

/* Begin PBXNativeTarget section */
		FD5FFA952BD79C09001EB2EB /* GroShopping */ = {
			isa = PBXNativeTarget;
			buildConfigurationList = FD5FFABA2BD79C0B001EB2EB /* Build configuration list for PBXNativeTarget "GroShopping" */;
			buildPhases = (
				FD5FFA922BD79C09001EB2EB /* Sources */,
				FD5FFA932BD79C09001EB2EB /* Frameworks */,
				FD5FFA942BD79C09001EB2EB /* Resources */,
			);
			buildRules = (
			);
			dependencies = (
			);
			name = GroShopping;
			productName = GroShopping;
			productReference = FD5FFA962BD79C09001EB2EB /* GroShopping.app */;
			productType = "com.apple.product-type.application";
		};
		FD5FFAA52BD79C0B001EB2EB /* GroShoppingTests */ = {
			isa = PBXNativeTarget;
			buildConfigurationList = FD5FFABD2BD79C0B001EB2EB /* Build configuration list for PBXNativeTarget "GroShoppingTests" */;
			buildPhases = (
				FD5FFAA22BD79C0B001EB2EB /* Sources */,
				FD5FFAA32BD79C0B001EB2EB /* Frameworks */,
				FD5FFAA42BD79C0B001EB2EB /* Resources */,
			);
			buildRules = (
			);
			dependencies = (
				FD5FFAA82BD79C0B001EB2EB /* PBXTargetDependency */,
			);
			name = GroShoppingTests;
			productName = GroShoppingTests;
			productReference = FD5FFAA62BD79C0B001EB2EB /* GroShoppingTests.xctest */;
			productType = "com.apple.product-type.bundle.unit-test";
		};
		FD5FFAAF2BD79C0B001EB2EB /* GroShoppingUITests */ = {
			isa = PBXNativeTarget;
			buildConfigurationList = FD5FFAC02BD79C0B001EB2EB /* Build configuration list for PBXNativeTarget "GroShoppingUITests" */;
			buildPhases = (
				FD5FFAAC2BD79C0B001EB2EB /* Sources */,
				FD5FFAAD2BD79C0B001EB2EB /* Frameworks */,
				FD5FFAAE2BD79C0B001EB2EB /* Resources */,
			);
			buildRules = (
			);
			dependencies = (
				FD5FFAB22BD79C0B001EB2EB /* PBXTargetDependency */,
			);
			name = GroShoppingUITests;
			productName = GroShoppingUITests;
			productReference = FD5FFAB02BD79C0B001EB2EB /* GroShoppingUITests.xctest */;
			productType = "com.apple.product-type.bundle.ui-testing";
		};
/* End PBXNativeTarget section */

/* Begin PBXProject section */
		FD5FFA8E2BD79C09001EB2EB /* Project object */ = {
			isa = PBXProject;
			attributes = {
				BuildIndependentTargetsInParallel = 1;
				LastSwiftUpdateCheck = 1530;
				LastUpgradeCheck = 1530;
				TargetAttributes = {
					FD5FFA952BD79C09001EB2EB = {
						CreatedOnToolsVersion = 15.3;
					};
					FD5FFAA52BD79C0B001EB2EB = {
						CreatedOnToolsVersion = 15.3;
						TestTargetID = FD5FFA952BD79C09001EB2EB;
					};
					FD5FFAAF2BD79C0B001EB2EB = {
						CreatedOnToolsVersion = 15.3;
						TestTargetID = FD5FFA952BD79C09001EB2EB;
					};
				};
			};
			buildConfigurationList = FD5FFA912BD79C09001EB2EB /* Build configuration list for PBXProject "GroShopping" */;
			compatibilityVersion = "Xcode 14.0";
			developmentRegion = en;
			hasScannedForEncodings = 0;
			knownRegions = (
				en,
				Base,
			);
			mainGroup = FD5FFA8D2BD79C09001EB2EB;
			productRefGroup = FD5FFA972BD79C09001EB2EB /* Products */;
			projectDirPath = "";
			projectRoot = "";
			targets = (
				FD5FFA952BD79C09001EB2EB /* GroShopping */,
				FD5FFAA52BD79C0B001EB2EB /* GroShoppingTests */,
				FD5FFAAF2BD79C0B001EB2EB /* GroShoppingUITests */,
			);
		};
/* End PBXProject section */

/* Begin PBXResourcesBuildPhase section */
		FD5FFA942BD79C09001EB2EB /* Resources */ = {
			isa = PBXResourcesBuildPhase;
			buildActionMask = 2147483647;
			files = (
				FD5FFACA2BD7A08F001EB2EB /* Gilroy-Regular.ttf in Resources */,
				FD5FFACB2BD7A08F001EB2EB /* Gilroy-SemiBold.ttf in Resources */,
				FD5FFAA12BD79C0A001EB2EB /* Preview Assets.xcassets in Resources */,
				FD5FFAC42BD79C38001EB2EB /* .gitignore in Resources */,
				FD5FFA9E2BD79C0A001EB2EB /* Assets.xcassets in Resources */,
				FD5FFAC92BD7A08F001EB2EB /* Gilroy-Bold.ttf in Resources */,
			);
			runOnlyForDeploymentPostprocessing = 0;
		};
		FD5FFAA42BD79C0B001EB2EB /* Resources */ = {
			isa = PBXResourcesBuildPhase;
			buildActionMask = 2147483647;
			files = (
			);
			runOnlyForDeploymentPostprocessing = 0;
		};
		FD5FFAAE2BD79C0B001EB2EB /* Resources */ = {
			isa = PBXResourcesBuildPhase;
			buildActionMask = 2147483647;
			files = (
			);
			runOnlyForDeploymentPostprocessing = 0;
		};
/* End PBXResourcesBuildPhase section */

/* Begin PBXSourcesBuildPhase section */
		FD5FFA922BD79C09001EB2EB /* Sources */ = {
			isa = PBXSourcesBuildPhase;
			buildActionMask = 2147483647;
			files = (
				FD5FFA9C2BD79C09001EB2EB /* ContentView.swift in Sources */,
				FD5FFA9A2BD79C09001EB2EB /* GroShoppingApp.swift in Sources */,
			);
			runOnlyForDeploymentPostprocessing = 0;
		};
		FD5FFAA22BD79C0B001EB2EB /* Sources */ = {
			isa = PBXSourcesBuildPhase;
			buildActionMask = 2147483647;
			files = (
				FD5FFAAB2BD79C0B001EB2EB /* GroShoppingTests.swift in Sources */,
			);
			runOnlyForDeploymentPostprocessing = 0;
		};
		FD5FFAAC2BD79C0B001EB2EB /* Sources */ = {
			isa = PBXSourcesBuildPhase;
			buildActionMask = 2147483647;
			files = (
				FD5FFAB52BD79C0B001EB2EB /* GroShoppingUITests.swift in Sources */,
				FD5FFAB72BD79C0B001EB2EB /* GroShoppingUITestsLaunchTests.swift in Sources */,
			);
			runOnlyForDeploymentPostprocessing = 0;
		};
/* End PBXSourcesBuildPhase section */

/* Begin PBXTargetDependency section */
		FD5FFAA82BD79C0B001EB2EB /* PBXTargetDependency */ = {
			isa = PBXTargetDependency;
			target = FD5FFA952BD79C09001EB2EB /* GroShopping */;
			targetProxy = FD5FFAA72BD79C0B001EB2EB /* PBXContainerItemProxy */;
		};
		FD5FFAB22BD79C0B001EB2EB /* PBXTargetDependency */ = {
			isa = PBXTargetDependency;
			target = FD5FFA952BD79C09001EB2EB /* GroShopping */;
			targetProxy = FD5FFAB12BD79C0B001EB2EB /* PBXContainerItemProxy */;
		};
/* End PBXTargetDependency section */

/* Begin XCBuildConfiguration section */
		FD5FFAB82BD79C0B001EB2EB /* Debug */ = {
			isa = XCBuildConfiguration;
			buildSettings = {
				ALWAYS_SEARCH_USER_PATHS = NO;
				ASSETCATALOG_COMPILER_GENERATE_SWIFT_ASSET_SYMBOL_EXTENSIONS = YES;
				CLANG_ANALYZER_NONNULL = YES;
				CLANG_ANALYZER_NUMBER_OBJECT_CONVERSION = YES_AGGRESSIVE;
				CLANG_CXX_LANGUAGE_STANDARD = "gnu++20";
				CLANG_ENABLE_MODULES = YES;
				CLANG_ENABLE_OBJC_ARC = YES;
				CLANG_ENABLE_OBJC_WEAK = YES;
				CLANG_WARN_BLOCK_CAPTURE_AUTORELEASING = YES;
				CLANG_WARN_BOOL_CONVERSION = YES;
				CLANG_WARN_COMMA = YES;
				CLANG_WARN_CONSTANT_CONVERSION = YES;
				CLANG_WARN_DEPRECATED_OBJC_IMPLEMENTATIONS = YES;
				CLANG_WARN_DIRECT_OBJC_ISA_USAGE = YES_ERROR;
				CLANG_WARN_DOCUMENTATION_COMMENTS = YES;
				CLANG_WARN_EMPTY_BODY = YES;
				CLANG_WARN_ENUM_CONVERSION = YES;
				CLANG_WARN_INFINITE_RECURSION = YES;
				CLANG_WARN_INT_CONVERSION = YES;
				CLANG_WARN_NON_LITERAL_NULL_CONVERSION = YES;
				CLANG_WARN_OBJC_IMPLICIT_RETAIN_SELF = YES;
				CLANG_WARN_OBJC_LITERAL_CONVERSION = YES;
				CLANG_WARN_OBJC_ROOT_CLASS = YES_ERROR;
				CLANG_WARN_QUOTED_INCLUDE_IN_FRAMEWORK_HEADER = YES;
				CLANG_WARN_RANGE_LOOP_ANALYSIS = YES;
				CLANG_WARN_STRICT_PROTOTYPES = YES;
				CLANG_WARN_SUSPICIOUS_MOVE = YES;
				CLANG_WARN_UNGUARDED_AVAILABILITY = YES_AGGRESSIVE;
				CLANG_WARN_UNREACHABLE_CODE = YES;
				CLANG_WARN__DUPLICATE_METHOD_MATCH = YES;
				COPY_PHASE_STRIP = NO;
				DEBUG_INFORMATION_FORMAT = dwarf;
				ENABLE_STRICT_OBJC_MSGSEND = YES;
				ENABLE_TESTABILITY = YES;
				ENABLE_USER_SCRIPT_SANDBOXING = YES;
				GCC_C_LANGUAGE_STANDARD = gnu17;
				GCC_DYNAMIC_NO_PIC = NO;
				GCC_NO_COMMON_BLOCKS = YES;
				GCC_OPTIMIZATION_LEVEL = 0;
				GCC_PREPROCESSOR_DEFINITIONS = (
					"DEBUG=1",
					"$(inherited)",
				);
				GCC_WARN_64_TO_32_BIT_CONVERSION = YES;
				GCC_WARN_ABOUT_RETURN_TYPE = YES_ERROR;
				GCC_WARN_UNDECLARED_SELECTOR = YES;
				GCC_WARN_UNINITIALIZED_AUTOS = YES_AGGRESSIVE;
				GCC_WARN_UNUSED_FUNCTION = YES;
				GCC_WARN_UNUSED_VARIABLE = YES;
				IPHONEOS_DEPLOYMENT_TARGET = 17.4;
				LOCALIZATION_PREFERS_STRING_CATALOGS = YES;
				MTL_ENABLE_DEBUG_INFO = INCLUDE_SOURCE;
				MTL_FAST_MATH = YES;
				ONLY_ACTIVE_ARCH = YES;
				SDKROOT = iphoneos;
				SWIFT_ACTIVE_COMPILATION_CONDITIONS = "DEBUG $(inherited)";
				SWIFT_OPTIMIZATION_LEVEL = "-Onone";
			};
			name = Debug;
		};
		FD5FFAB92BD79C0B001EB2EB /* Release */ = {
			isa = XCBuildConfiguration;
			buildSettings = {
				ALWAYS_SEARCH_USER_PATHS = NO;
				ASSETCATALOG_COMPILER_GENERATE_SWIFT_ASSET_SYMBOL_EXTENSIONS = YES;
				CLANG_ANALYZER_NONNULL = YES;
				CLANG_ANALYZER_NUMBER_OBJECT_CONVERSION = YES_AGGRESSIVE;
				CLANG_CXX_LANGUAGE_STANDARD = "gnu++20";
				CLANG_ENABLE_MODULES = YES;
				CLANG_ENABLE_OBJC_ARC = YES;
				CLANG_ENABLE_OBJC_WEAK = YES;
				CLANG_WARN_BLOCK_CAPTURE_AUTORELEASING = YES;
				CLANG_WARN_BOOL_CONVERSION = YES;
				CLANG_WARN_COMMA = YES;
				CLANG_WARN_CONSTANT_CONVERSION = YES;
				CLANG_WARN_DEPRECATED_OBJC_IMPLEMENTATIONS = YES;
				CLANG_WARN_DIRECT_OBJC_ISA_USAGE = YES_ERROR;
				CLANG_WARN_DOCUMENTATION_COMMENTS = YES;
				CLANG_WARN_EMPTY_BODY = YES;
				CLANG_WARN_ENUM_CONVERSION = YES;
				CLANG_WARN_INFINITE_RECURSION = YES;
				CLANG_WARN_INT_CONVERSION = YES;
				CLANG_WARN_NON_LITERAL_NULL_CONVERSION = YES;
				CLANG_WARN_OBJC_IMPLICIT_RETAIN_SELF = YES;
				CLANG_WARN_OBJC_LITERAL_CONVERSION = YES;
				CLANG_WARN_OBJC_ROOT_CLASS = YES_ERROR;
				CLANG_WARN_QUOTED_INCLUDE_IN_FRAMEWORK_HEADER = YES;
				CLANG_WARN_RANGE_LOOP_ANALYSIS = YES;
				CLANG_WARN_STRICT_PROTOTYPES = YES;
				CLANG_WARN_SUSPICIOUS_MOVE = YES;
				CLANG_WARN_UNGUARDED_AVAILABILITY = YES_AGGRESSIVE;
				CLANG_WARN_UNREACHABLE_CODE = YES;
				CLANG_WARN__DUPLICATE_METHOD_MATCH = YES;
				COPY_PHASE_STRIP = NO;
				DEBUG_INFORMATION_FORMAT = "dwarf-with-dsym";
				ENABLE_NS_ASSERTIONS = NO;
				ENABLE_STRICT_OBJC_MSGSEND = YES;
				ENABLE_USER_SCRIPT_SANDBOXING = YES;
				GCC_C_LANGUAGE_STANDARD = gnu17;
				GCC_NO_COMMON_BLOCKS = YES;
				GCC_WARN_64_TO_32_BIT_CONVERSION = YES;
				GCC_WARN_ABOUT_RETURN_TYPE = YES_ERROR;
				GCC_WARN_UNDECLARED_SELECTOR = YES;
				GCC_WARN_UNINITIALIZED_AUTOS = YES_AGGRESSIVE;
				GCC_WARN_UNUSED_FUNCTION = YES;
				GCC_WARN_UNUSED_VARIABLE = YES;
				IPHONEOS_DEPLOYMENT_TARGET = 17.4;
				LOCALIZATION_PREFERS_STRING_CATALOGS = YES;
				MTL_ENABLE_DEBUG_INFO = NO;
				MTL_FAST_MATH = YES;
				SDKROOT = iphoneos;
				SWIFT_COMPILATION_MODE = wholemodule;
				VALIDATE_PRODUCT = YES;
			};
			name = Release;
		};
		FD5FFABB2BD79C0B001EB2EB /* Debug */ = {
			isa = XCBuildConfiguration;
			buildSettings = {
				ASSETCATALOG_COMPILER_APPICON_NAME = AppIcon;
				ASSETCATALOG_COMPILER_GLOBAL_ACCENT_COLOR_NAME = AccentColor;
				CODE_SIGN_STYLE = Automatic;
				CURRENT_PROJECT_VERSION = 1;
				DEVELOPMENT_ASSET_PATHS = "\"GroShopping/Preview Content\"";
				DEVELOPMENT_TEAM = 88P682HUA5;
				ENABLE_PREVIEWS = YES;
				GENERATE_INFOPLIST_FILE = YES;
				INFOPLIST_KEY_UIApplicationSceneManifest_Generation = YES;
				INFOPLIST_KEY_UIApplicationSupportsIndirectInputEvents = YES;
				INFOPLIST_KEY_UILaunchScreen_Generation = YES;
				INFOPLIST_KEY_UISupportedInterfaceOrientations_iPad = "UIInterfaceOrientationPortrait UIInterfaceOrientationPortraitUpsideDown UIInterfaceOrientationLandscapeLeft UIInterfaceOrientationLandscapeRight";
				INFOPLIST_KEY_UISupportedInterfaceOrientations_iPhone = "UIInterfaceOrientationPortrait UIInterfaceOrientationLandscapeLeft UIInterfaceOrientationLandscapeRight";
				LD_RUNPATH_SEARCH_PATHS = (
					"$(inherited)",
					"@executable_path/Frameworks",
				);
				MARKETING_VERSION = 1.0;
				PRODUCT_BUNDLE_IDENTIFIER = com.successful.GroShopping;
				PRODUCT_NAME = "$(TARGET_NAME)";
				SWIFT_EMIT_LOC_STRINGS = YES;
				SWIFT_VERSION = 5.0;
				TARGETED_DEVICE_FAMILY = "1,2";
			};
			name = Debug;
		};
		FD5FFABC2BD79C0B001EB2EB /* Release */ = {
			isa = XCBuildConfiguration;
			buildSettings = {
				ASSETCATALOG_COMPILER_APPICON_NAME = AppIcon;
				ASSETCATALOG_COMPILER_GLOBAL_ACCENT_COLOR_NAME = AccentColor;
				CODE_SIGN_STYLE = Automatic;
				CURRENT_PROJECT_VERSION = 1;
				DEVELOPMENT_ASSET_PATHS = "\"GroShopping/Preview Content\"";
				DEVELOPMENT_TEAM = 88P682HUA5;
				ENABLE_PREVIEWS = YES;
				GENERATE_INFOPLIST_FILE = YES;
				INFOPLIST_KEY_UIApplicationSceneManifest_Generation = YES;
				INFOPLIST_KEY_UIApplicationSupportsIndirectInputEvents = YES;
				INFOPLIST_KEY_UILaunchScreen_Generation = YES;
				INFOPLIST_KEY_UISupportedInterfaceOrientations_iPad = "UIInterfaceOrientationPortrait UIInterfaceOrientationPortraitUpsideDown UIInterfaceOrientationLandscapeLeft UIInterfaceOrientationLandscapeRight";
				INFOPLIST_KEY_UISupportedInterfaceOrientations_iPhone = "UIInterfaceOrientationPortrait UIInterfaceOrientationLandscapeLeft UIInterfaceOrientationLandscapeRight";
				LD_RUNPATH_SEARCH_PATHS = (
					"$(inherited)",
					"@executable_path/Frameworks",
				);
				MARKETING_VERSION = 1.0;
				PRODUCT_BUNDLE_IDENTIFIER = com.successful.GroShopping;
				PRODUCT_NAME = "$(TARGET_NAME)";
				SWIFT_EMIT_LOC_STRINGS = YES;
				SWIFT_VERSION = 5.0;
				TARGETED_DEVICE_FAMILY = "1,2";
			};
			name = Release;
		};
		FD5FFABE2BD79C0B001EB2EB /* Debug */ = {
			isa = XCBuildConfiguration;
			buildSettings = {
				ALWAYS_EMBED_SWIFT_STANDARD_LIBRARIES = YES;
				BUNDLE_LOADER = "$(TEST_HOST)";
				CODE_SIGN_STYLE = Automatic;
				CURRENT_PROJECT_VERSION = 1;
				DEVELOPMENT_TEAM = 88P682HUA5;
				GENERATE_INFOPLIST_FILE = YES;
				IPHONEOS_DEPLOYMENT_TARGET = 17.4;
				MARKETING_VERSION = 1.0;
				PRODUCT_BUNDLE_IDENTIFIER = com.successful.GroShoppingTests;
				PRODUCT_NAME = "$(TARGET_NAME)";
				SWIFT_EMIT_LOC_STRINGS = NO;
				SWIFT_VERSION = 5.0;
				TARGETED_DEVICE_FAMILY = "1,2";
				TEST_HOST = "$(BUILT_PRODUCTS_DIR)/GroShopping.app/$(BUNDLE_EXECUTABLE_FOLDER_PATH)/GroShopping";
			};
			name = Debug;
		};
		FD5FFABF2BD79C0B001EB2EB /* Release */ = {
			isa = XCBuildConfiguration;
			buildSettings = {
				ALWAYS_EMBED_SWIFT_STANDARD_LIBRARIES = YES;
				BUNDLE_LOADER = "$(TEST_HOST)";
				CODE_SIGN_STYLE = Automatic;
				CURRENT_PROJECT_VERSION = 1;
				DEVELOPMENT_TEAM = 88P682HUA5;
				GENERATE_INFOPLIST_FILE = YES;
				IPHONEOS_DEPLOYMENT_TARGET = 17.4;
				MARKETING_VERSION = 1.0;
				PRODUCT_BUNDLE_IDENTIFIER = com.successful.GroShoppingTests;
				PRODUCT_NAME = "$(TARGET_NAME)";
				SWIFT_EMIT_LOC_STRINGS = NO;
				SWIFT_VERSION = 5.0;
				TARGETED_DEVICE_FAMILY = "1,2";
				TEST_HOST = "$(BUILT_PRODUCTS_DIR)/GroShopping.app/$(BUNDLE_EXECUTABLE_FOLDER_PATH)/GroShopping";
			};
			name = Release;
		};
		FD5FFAC12BD79C0B001EB2EB /* Debug */ = {
			isa = XCBuildConfiguration;
			buildSettings = {
				ALWAYS_EMBED_SWIFT_STANDARD_LIBRARIES = YES;
				CODE_SIGN_STYLE = Automatic;
				CURRENT_PROJECT_VERSION = 1;
				DEVELOPMENT_TEAM = 88P682HUA5;
				GENERATE_INFOPLIST_FILE = YES;
				MARKETING_VERSION = 1.0;
				PRODUCT_BUNDLE_IDENTIFIER = com.successful.GroShoppingUITests;
				PRODUCT_NAME = "$(TARGET_NAME)";
				SWIFT_EMIT_LOC_STRINGS = NO;
				SWIFT_VERSION = 5.0;
				TARGETED_DEVICE_FAMILY = "1,2";
				TEST_TARGET_NAME = GroShopping;
			};
			name = Debug;
		};
		FD5FFAC22BD79C0B001EB2EB /* Release */ = {
			isa = XCBuildConfiguration;
			buildSettings = {
				ALWAYS_EMBED_SWIFT_STANDARD_LIBRARIES = YES;
				CODE_SIGN_STYLE = Automatic;
				CURRENT_PROJECT_VERSION = 1;
				DEVELOPMENT_TEAM = 88P682HUA5;
				GENERATE_INFOPLIST_FILE = YES;
				MARKETING_VERSION = 1.0;
				PRODUCT_BUNDLE_IDENTIFIER = com.successful.GroShoppingUITests;
				PRODUCT_NAME = "$(TARGET_NAME)";
				SWIFT_EMIT_LOC_STRINGS = NO;
				SWIFT_VERSION = 5.0;
				TARGETED_DEVICE_FAMILY = "1,2";
				TEST_TARGET_NAME = GroShopping;
			};
			name = Release;
		};
/* End XCBuildConfiguration section */

/* Begin XCConfigurationList section */
		FD5FFA912BD79C09001EB2EB /* Build configuration list for PBXProject "GroShopping" */ = {
			isa = XCConfigurationList;
			buildConfigurations = (
				FD5FFAB82BD79C0B001EB2EB /* Debug */,
				FD5FFAB92BD79C0B001EB2EB /* Release */,
			);
			defaultConfigurationIsVisible = 0;
			defaultConfigurationName = Release;
		};
		FD5FFABA2BD79C0B001EB2EB /* Build configuration list for PBXNativeTarget "GroShopping" */ = {
			isa = XCConfigurationList;
			buildConfigurations = (
				FD5FFABB2BD79C0B001EB2EB /* Debug */,
				FD5FFABC2BD79C0B001EB2EB /* Release */,
			);
			defaultConfigurationIsVisible = 0;
			defaultConfigurationName = Release;
		};
		FD5FFABD2BD79C0B001EB2EB /* Build configuration list for PBXNativeTarget "GroShoppingTests" */ = {
			isa = XCConfigurationList;
			buildConfigurations = (
				FD5FFABE2BD79C0B001EB2EB /* Debug */,
				FD5FFABF2BD79C0B001EB2EB /* Release */,
			);
			defaultConfigurationIsVisible = 0;
			defaultConfigurationName = Release;
		};
		FD5FFAC02BD79C0B001EB2EB /* Build configuration list for PBXNativeTarget "GroShoppingUITests" */ = {
			isa = XCConfigurationList;
			buildConfigurations = (
				FD5FFAC12BD79C0B001EB2EB /* Debug */,
				FD5FFAC22BD79C0B001EB2EB /* Release */,
			);
			defaultConfigurationIsVisible = 0;
			defaultConfigurationName = Release;
		};
/* End XCConfigurationList section */
	};
	rootObject = FD5FFA8E2BD79C09001EB2EB /* Project object */;
}
